
Microsoft Visual Studio Solution File, Format Version 12.00
# Visual Studio 15
VisualStudioVersion = 15.0.27428.2015
MinimumVisualStudioVersion = 10.0.40219.1
Project("{FAE04EC0-301F-11D3-BF4B-00C04F79EFBC}") = "SelectBox", "SelectBox\SelectBox.csproj", "{89802EAC-31D5-4313-8C33-D9DF504A9E6A}"
EndProject
Global
	GlobalSection(SolutionConfigurationPlatforms) = preSolution
		Debug|Any CPU = Debug|Any CPU
		Release|Any CPU = Release|Any CPU
	EndGlobalSection
	GlobalSection(ProjectConfigurationPlatforms) = postSolution
		{89802EAC-31D5-4313-8C33-D9DF504A9E6A}.Debug|Any CPU.ActiveCfg = Debug|Any CPU
		{89802EAC-31D5-4313-8C33-D9DF504A9E6A}.Debug|Any CPU.Build.0 = Debug|Any CPU
		{89802EAC-31D5-4313-8C33-D9DF504A9E6A}.Release|Any CPU.ActiveCfg = Release|Any CPU
		{89802EAC-31D5-4313-8C33-D9DF504A9E6A}.Release|Any CPU.Build.0 = Release|Any CPU
	EndGlobalSection
	GlobalSection(SolutionProperties) = preSolution
		HideSolutionNode = FALSE
	EndGlobalSection
	GlobalSection(ExtensibilityGlobals) = postSolution
		SolutionGuid = {92C776C7-5807-47B0-9D2D-77BA96E56C0C}
	EndGlobalSection
EndGlobal
